{
    "_readme": [
        "This file locks the dependencies of your project to a known state",
        "Read more about it at https://getcomposer.org/doc/01-basic-usage.md#installing-dependencies",
        "This file is @generated automatically"
    ],
    "content-hash": "2c53d0afcbb7bfd43e205e8fcf1ec0c7",
    "packages": [],
    "packages-dev": [
        {
            "name": "lucascudo/laravel-pt-br-localization",
            "version": "v2.0.4",
            "source": {
                "type": "git",
                "url": "https://github.com/lucascudo/laravel-pt-BR-localization.git",
                "reference": "49589685da70d66a391fbeb05e5cf7aa0f9cf848"
            },
            "dist": {
                "type": "zip",
                "url": "https://api.github.com/repos/lucascudo/laravel-pt-BR-localization/zipball/49589685da70d66a391fbeb05e5cf7aa0f9cf848",
                "reference": "49589685da70d66a391fbeb05e5cf7aa0f9cf848",
                "shasum": ""
            },
            "type": "library",
            "extra": {
                "laravel": {
                    "providers": [
                        "Lucascudo\\LaravelPtBRLocalization\\LaravelPtBRLocalizationServiceProvider"
                    ]
                }
            },
            "autoload": {
                "psr-4": {
                    "Lucascudo\\LaravelPtBRLocalization\\": "src/"
                }
            },
            "notification-url": "https://packagist.org/downloads/",
            "license": [
                "GPL-3.0-or-later"
            ],
            "authors": [
                {
                    "name": "Cascudo",
                    "email": "lucas.sisau@gmail.com"
                }
            ],
            "description": "Arquivos de linguagem em Português do Brasil (pt_BR) para Laravel",
            "support": {
                "issues": "https://github.com/lucascudo/laravel-pt-BR-localization/issues",
                "source": "https://github.com/lucascudo/laravel-pt-BR-localization/tree/v2.0.4"
            },
            "time": "2023-09-12T13:59:21+00:00"
        }
    ],
    "aliases": [],
    "minimum-stability": "stable",
    "stability-flags": [],
    "prefer-stable": false,
    "prefer-lowest": false,
    "platform": [],
    "platform-dev": [],
    "plugin-api-version": "2.6.0"
}
